
Microsoft Visual Studio Solution File, Format Version 12.00
# Visual Studio Version 17
VisualStudioVersion = 17.11.35303.130
MinimumVisualStudioVersion = 10.0.40219.1
Project("{FAE04EC0-301F-11D3-BF4B-00C04F79EFBC}") = "PowerOffScheduler", "PowerOffScheduler.csproj", "{9B19A949-F180-478E-8081-C1071C16D813}"
EndProject
Global
	GlobalSection(SolutionConfigurationPlatforms) = preSolution
		Debug|Any CPU = Debug|Any CPU
		Release|Any CPU = Release|Any CPU
	EndGlobalSection
	GlobalSection(ProjectConfigurationPlatforms) = postSolution
		{9B19A949-F180-478E-8081-C1071C16D813}.Debug|Any CPU.ActiveCfg = Debug|Any CPU
		{9B19A949-F180-478E-8081-C1071C16D813}.Debug|Any CPU.Build.0 = Debug|Any CPU
		{9B19A949-F180-478E-8081-C1071C16D813}.Release|Any CPU.ActiveCfg = Release|Any CPU
		{9B19A949-F180-478E-8081-C1071C16D813}.Release|Any CPU.Build.0 = Release|Any CPU
	EndGlobalSection
	GlobalSection(SolutionProperties) = preSolution
		HideSolutionNode = FALSE
	EndGlobalSection
	GlobalSection(ExtensibilityGlobals) = postSolution
		SolutionGuid = {6330F539-9650-4452-B0EF-C0E713FB7946}
	EndGlobalSection
EndGlobal
